
Microsoft Visual Studio Solution File, Format Version 11.00
# Visual Studio 2010
Project("{FAE04EC0-301F-11D3-BF4B-00C04F79EFBC}") = "ProjectTemp", "Assembly-CSharp.csproj", "{0F5FD889-71B3-E2A9-7480-C73E1915D3F2}"
EndProject
Project("{FAE04EC0-301F-11D3-BF4B-00C04F79EFBC}") = "ProjectTemp", "Assembly-CSharp-firstpass.csproj", "{16FB0ED2-3DD3-EA43-4950-153F104F95EF}"
EndProject
Project("{FAE04EC0-301F-11D3-BF4B-00C04F79EFBC}") = "ProjectTemp", "Assembly-CSharp-Editor-firstpass.csproj", "{2011022A-1306-345A-69E3-18DC09A5C36D}"
EndProject
Global
	GlobalSection(SolutionConfigurationPlatforms) = preSolution
		Debug|Any CPU = Debug|Any CPU
		Release|Any CPU = Release|Any CPU
	EndGlobalSection
	GlobalSection(ProjectConfigurationPlatforms) = postSolution
		{0F5FD889-71B3-E2A9-7480-C73E1915D3F2}.Debug|Any CPU.ActiveCfg = Debug|Any CPU
		{0F5FD889-71B3-E2A9-7480-C73E1915D3F2}.Debug|Any CPU.Build.0 = Debug|Any CPU
		{0F5FD889-71B3-E2A9-7480-C73E1915D3F2}.Release|Any CPU.ActiveCfg = Release|Any CPU
		{0F5FD889-71B3-E2A9-7480-C73E1915D3F2}.Release|Any CPU.Build.0 = Release|Any CPU
		{16FB0ED2-3DD3-EA43-4950-153F104F95EF}.Debug|Any CPU.ActiveCfg = Debug|Any CPU
		{16FB0ED2-3DD3-EA43-4950-153F104F95EF}.Debug|Any CPU.Build.0 = Debug|Any CPU
		{16FB0ED2-3DD3-EA43-4950-153F104F95EF}.Release|Any CPU.ActiveCfg = Release|Any CPU
		{16FB0ED2-3DD3-EA43-4950-153F104F95EF}.Release|Any CPU.Build.0 = Release|Any CPU
		{2011022A-1306-345A-69E3-18DC09A5C36D}.Debug|Any CPU.ActiveCfg = Debug|Any CPU
		{2011022A-1306-345A-69E3-18DC09A5C36D}.Debug|Any CPU.Build.0 = Debug|Any CPU
		{2011022A-1306-345A-69E3-18DC09A5C36D}.Release|Any CPU.ActiveCfg = Release|Any CPU
		{2011022A-1306-345A-69E3-18DC09A5C36D}.Release|Any CPU.Build.0 = Release|Any CPU
	EndGlobalSection
	GlobalSection(SolutionProperties) = preSolution
		HideSolutionNode = FALSE
	EndGlobalSection
	GlobalSection(MonoDevelopProperties) = preSolution
		StartupItem = Assembly-CSharp.csproj
	EndGlobalSection
EndGlobal
